
Microsoft Visual Studio Solution File, Format Version 12.00
# Visual Studio Version 17
VisualStudioVersion = 17.4.33205.214
MinimumVisualStudioVersion = 10.0.40219.1
Project("{FAE04EC0-301F-11D3-BF4B-00C04F79EFBC}") = "Moment1-2", "Moment1-2\Moment1-2.csproj", "{F5687F6A-7FFD-4DF0-AC9A-8C8D89CD9332}"
EndProject
Global
	GlobalSection(SolutionConfigurationPlatforms) = preSolution
		Debug|Any CPU = Debug|Any CPU
		Release|Any CPU = Release|Any CPU
	EndGlobalSection
	GlobalSection(ProjectConfigurationPlatforms) = postSolution
		{F5687F6A-7FFD-4DF0-AC9A-8C8D89CD9332}.Debug|Any CPU.ActiveCfg = Debug|Any CPU
		{F5687F6A-7FFD-4DF0-AC9A-8C8D89CD9332}.Debug|Any CPU.Build.0 = Debug|Any CPU
		{F5687F6A-7FFD-4DF0-AC9A-8C8D89CD9332}.Release|Any CPU.ActiveCfg = Release|Any CPU
		{F5687F6A-7FFD-4DF0-AC9A-8C8D89CD9332}.Release|Any CPU.Build.0 = Release|Any CPU
	EndGlobalSection
	GlobalSection(SolutionProperties) = preSolution
		HideSolutionNode = FALSE
	EndGlobalSection
	GlobalSection(ExtensibilityGlobals) = postSolution
		SolutionGuid = {DA91CF42-C4BC-4FA9-B3C3-6D814B27C3DD}
	EndGlobalSection
EndGlobal
